// !$*UTF8*$!
{
	archiveVersion = 1;
	classes = {
	};
	objectVersion = 48;
	objects = {

/* Begin PBXBuildFile section */
		A74877971FB01117007A978E /* AppDelegate.swift in Sources */ = {isa = PBXBuildFile; fileRef = A74877961FB01117007A978E /* AppDelegate.swift */; };
		A748779C1FB01117007A978E /* Main.storyboard in Resources */ = {isa = PBXBuildFile; fileRef = A748779A1FB01117007A978E /* Main.storyboard */; };
		A748779E1FB01117007A978E /* Assets.xcassets in Resources */ = {isa = PBXBuildFile; fileRef = A748779D1FB01117007A978E /* Assets.xcassets */; };
		A74877A11FB01117007A978E /* LaunchScreen.storyboard in Resources */ = {isa = PBXBuildFile; fileRef = A748779F1FB01117007A978E /* LaunchScreen.storyboard */; };
		A74877AC1FB01117007A978E /* Conversion_calculatorTests.swift in Sources */ = {isa = PBXBuildFile; fileRef = A74877AB1FB01117007A978E /* Conversion_calculatorTests.swift */; };
		A74877B71FB01117007A978E /* Conversion_calculatorUITests.swift in Sources */ = {isa = PBXBuildFile; fileRef = A74877B61FB01117007A978E /* Conversion_calculatorUITests.swift */; };
/* End PBXBuildFile section */

/* Begin PBXContainerItemProxy section */
		A74877A81FB01117007A978E /* PBXContainerItemProxy */ = {
			isa = PBXContainerItemProxy;
			containerPortal = A748778B1FB01117007A978E /* Project object */;
			proxyType = 1;
			remoteGlobalIDString = A74877921FB01117007A978E;
			remoteInfo = "Conversion-calculator";
		};
		A74877B31FB01117007A978E /* PBXContainerItemProxy */ = {
			isa = PBXContainerItemProxy;
			containerPortal = A748778B1FB01117007A978E /* Project object */;
			proxyType = 1;
			remoteGlobalIDString = A74877921FB01117007A978E;
			remoteInfo = "Conversion-calculator";
		};
/* End PBXContainerItemProxy section */

/* Begin PBXFileReference section */
		A74877931FB01117007A978E /* Conversion-calculator.app */ = {isa = PBXFileReference; explicitFileType = wrapper.application; includeInIndex = 0; path = "Conversion-calculator.app"; sourceTree = BUILT_PRODUCTS_DIR; };
		A74877961FB01117007A978E /* AppDelegate.swift */ = {isa = PBXFileReference; lastKnownFileType = sourcecode.swift; path = AppDelegate.swift; sourceTree = "<group>"; };
		A748779B1FB01117007A978E /* Base */ = {isa = PBXFileReference; lastKnownFileType = file.storyboard; name = Base; path = Base.lproj/Main.storyboard; sourceTree = "<group>"; };
		A748779D1FB01117007A978E /* Assets.xcassets */ = {isa = PBXFileReference; lastKnownFileType = folder.assetcatalog; path = Assets.xcassets; sourceTree = "<group>"; };
		A74877A01FB01117007A978E /* Base */ = {isa = PBXFileReference; lastKnownFileType = file.storyboard; name = Base; path = Base.lproj/LaunchScreen.storyboard; sourceTree = "<group>"; };
		A74877A21FB01117007A978E /* Info.plist */ = {isa = PBXFileReference; lastKnownFileType = text.plist.xml; path = Info.plist; sourceTree = "<group>"; };
		A74877A71FB01117007A978E /* Conversion-calculatorTests.xctest */ = {isa = PBXFileReference; explicitFileType = wrapper.cfbundle; includeInIndex = 0; path = "Conversion-calculatorTests.xctest"; sourceTree = BUILT_PRODUCTS_DIR; };
		A74877AB1FB01117007A978E /* Conversion_calculatorTests.swift */ = {isa = PBXFileReference; lastKnownFileType = sourcecode.swift; path = Conversion_calculatorTests.swift; sourceTree = "<group>"; };
		A74877AD1FB01117007A978E /* Info.plist */ = {isa = PBXFileReference; lastKnownFileType = text.plist.xml; path = Info.plist; sourceTree = "<group>"; };
		A74877B21FB01117007A978E /* Conversion-calculatorUITests.xctest */ = {isa = PBXFileReference; explicitFileType = wrapper.cfbundle; includeInIndex = 0; path = "Conversion-calculatorUITests.xctest"; sourceTree = BUILT_PRODUCTS_DIR; };
		A74877B61FB01117007A978E /* Conversion_calculatorUITests.swift */ = {isa = PBXFileReference; lastKnownFileType = sourcecode.swift; path = Conversion_calculatorUITests.swift; sourceTree = "<group>"; };
		A74877B81FB01117007A978E /* Info.plist */ = {isa = PBXFileReference; lastKnownFileType = text.plist.xml; path = Info.plist; sourceTree = "<group>"; };
/* End PBXFileReference section */

/* Begin PBXFrameworksBuildPhase section */
		A74877901FB01117007A978E /* Frameworks */ = {
			isa = PBXFrameworksBuildPhase;
			buildActionMask = 2147483647;
			files = (
			);
			runOnlyForDeploymentPostprocessing = 0;
		};
		A74877A41FB01117007A978E /* Frameworks */ = {
			isa = PBXFrameworksBuildPhase;
			buildActionMask = 2147483647;
			files = (
			);
			runOnlyForDeploymentPostprocessing = 0;
		};
		A74877AF1FB01117007A978E /* Frameworks */ = {
			isa = PBXFrameworksBuildPhase;
			buildActionMask = 2147483647;
			files = (
			);
			runOnlyForDeploymentPostprocessing = 0;
		};
/* End PBXFrameworksBuildPhase section */

/* Begin PBXGroup section */
		A748778A1FB01117007A978E = {
			isa = PBXGroup;
			children = (
				A74877951FB01117007A978E /* Conversion-calculator */,
				A74877AA1FB01117007A978E /* Conversion-calculatorTests */,
				A74877B51FB01117007A978E /* Conversion-calculatorUITests */,
				A74877941FB01117007A978E /* Products */,
			);
			sourceTree = "<group>";
		};
		A74877941FB01117007A978E /* Products */ = {
			isa = PBXGroup;
			children = (
				A74877931FB01117007A978E /* Conversion-calculator.app */,
				A74877A71FB01117007A978E /* Conversion-calculatorTests.xctest */,
				A74877B21FB01117007A978E /* Conversion-calculatorUITests.xctest */,
			);
			name = Products;
			sourceTree = "<group>";
		};
		A74877951FB01117007A978E /* Conversion-calculator */ = {
			isa = PBXGroup;
			children = (
				A74877961FB01117007A978E /* AppDelegate.swift */,
				A748779A1FB01117007A978E /* Main.storyboard */,
				A748779D1FB01117007A978E /* Assets.xcassets */,
				A748779F1FB01117007A978E /* LaunchScreen.storyboard */,
				A74877A21FB01117007A978E /* Info.plist */,
			);
			path = "Conversion-calculator";
			sourceTree = "<group>";
		};
		A74877AA1FB01117007A978E /* Conversion-calculatorTests */ = {
			isa = PBXGroup;
			children = (
				A74877AB1FB01117007A978E /* Conversion_calculatorTests.swift */,
				A74877AD1FB01117007A978E /* Info.plist */,
			);
			path = "Conversion-calculatorTests";
			sourceTree = "<group>";
		};
		A74877B51FB01117007A978E /* Conversion-calculatorUITests */ = {
			isa = PBXGroup;
			children = (
				A74877B61FB01117007A978E /* Conversion_calculatorUITests.swift */,
				A74877B81FB01117007A978E /* Info.plist */,
			);
			path = "Conversion-calculatorUITests";
			sourceTree = "<group>";
		};
/* End PBXGroup section */

/* Begin PBXNativeTarget section */
		A74877921FB01117007A978E /* Conversion-calculator */ = {
			isa = PBXNativeTarget;
			buildConfigurationList = A74877BB1FB01117007A978E /* Build configuration list for PBXNativeTarget "Conversion-calculator" */;
			buildPhases = (
				A748778F1FB01117007A978E /* Sources */,
				A74877901FB01117007A978E /* Frameworks */,
				A74877911FB01117007A978E /* Resources */,
			);
			buildRules = (
			);
			dependencies = (
			);
			name = "Conversion-calculator";
			productName = "Conversion-calculator";
			productReference = A74877931FB01117007A978E /* Conversion-calculator.app */;
			productType = "com.apple.product-type.application";
		};
		A74877A61FB01117007A978E /* Conversion-calculatorTests */ = {
			isa = PBXNativeTarget;
			buildConfigurationList = A74877BE1FB01117007A978E /* Build configuration list for PBXNativeTarget "Conversion-calculatorTests" */;
			buildPhases = (
				A74877A31FB01117007A978E /* Sources */,
				A74877A41FB01117007A978E /* Frameworks */,
				A74877A51FB01117007A978E /* Resources */,
			);
			buildRules = (
			);
			dependencies = (
				A74877A91FB01117007A978E /* PBXTargetDependency */,
			);
			name = "Conversion-calculatorTests";
			productName = "Conversion-calculatorTests";
			productReference = A74877A71FB01117007A978E /* Conversion-calculatorTests.xctest */;
			productType = "com.apple.product-type.bundle.unit-test";
		};
		A74877B11FB01117007A978E /* Conversion-calculatorUITests */ = {
			isa = PBXNativeTarget;
			buildConfigurationList = A74877C11FB01117007A978E /* Build configuration list for PBXNativeTarget "Conversion-calculatorUITests" */;
			buildPhases = (
				A74877AE1FB01117007A978E /* Sources */,
				A74877AF1FB01117007A978E /* Frameworks */,
				A74877B01FB01117007A978E /* Resources */,
			);
			buildRules = (
			);
			dependencies = (
				A74877B41FB01117007A978E /* PBXTargetDependency */,
			);
			name = "Conversion-calculatorUITests";
			productName = "Conversion-calculatorUITests";
			productReference = A74877B21FB01117007A978E /* Conversion-calculatorUITests.xctest */;
			productType = "com.apple.product-type.bundle.ui-testing";
		};
/* End PBXNativeTarget section */

/* Begin PBXProject section */
		A748778B1FB01117007A978E /* Project object */ = {
			isa = PBXProject;
			attributes = {
				LastSwiftUpdateCheck = 0900;
				LastUpgradeCheck = 0900;
				ORGANIZATIONNAME = "tech innovator";
				TargetAttributes = {
					A74877921FB01117007A978E = {
						CreatedOnToolsVersion = 9.0.1;
						ProvisioningStyle = Automatic;
					};
					A74877A61FB01117007A978E = {
						CreatedOnToolsVersion = 9.0.1;
						ProvisioningStyle = Automatic;
						TestTargetID = A74877921FB01117007A978E;
					};
					A74877B11FB01117007A978E = {
						CreatedOnToolsVersion = 9.0.1;
						ProvisioningStyle = Automatic;
						TestTargetID = A74877921FB01117007A978E;
					};
				};
			};
			buildConfigurationList = A748778E1FB01117007A978E /* Build configuration list for PBXProject "Conversion-calculator" */;
			compatibilityVersion = "Xcode 8.0";
			developmentRegion = en;
			hasScannedForEncodings = 0;
			knownRegions = (
				en,
				Base,
			);
			mainGroup = A748778A1FB01117007A978E;
			productRefGroup = A74877941FB01117007A978E /* Products */;
			projectDirPath = "";
			projectRoot = "";
			targets = (
				A74877921FB01117007A978E /* Conversion-calculator */,
				A74877A61FB01117007A978E /* Conversion-calculatorTests */,
				A74877B11FB01117007A978E /* Conversion-calculatorUITests */,
			);
		};
/* End PBXProject section */

/* Begin PBXResourcesBuildPhase section */
		A74877911FB01117007A978E /* Resources */ = {
			isa = PBXResourcesBuildPhase;
			buildActionMask = 2147483647;
			files = (
				A74877A11FB01117007A978E /* LaunchScreen.storyboard in Resources */,
				A748779E1FB01117007A978E /* Assets.xcassets in Resources */,
				A748779C1FB01117007A978E /* Main.storyboard in Resources */,
			);
			runOnlyForDeploymentPostprocessing = 0;
		};
		A74877A51FB01117007A978E /* Resources */ = {
			isa = PBXResourcesBuildPhase;
			buildActionMask = 2147483647;
			files = (
			);
			runOnlyForDeploymentPostprocessing = 0;
		};
		A74877B01FB01117007A978E /* Resources */ = {
			isa = PBXResourcesBuildPhase;
			buildActionMask = 2147483647;
			files = (
			);
			runOnlyForDeploymentPostprocessing = 0;
		};
/* End PBXResourcesBuildPhase section */

/* Begin PBXSourcesBuildPhase section */
		A748778F1FB01117007A978E /* Sources */ = {
			isa = PBXSourcesBuildPhase;
			buildActionMask = 2147483647;
			files = (
				A74877971FB01117007A978E /* AppDelegate.swift in Sources */,
			);
			runOnlyForDeploymentPostprocessing = 0;
		};
		A74877A31FB01117007A978E /* Sources */ = {
			isa = PBXSourcesBuildPhase;
			buildActionMask = 2147483647;
			files = (
				A74877AC1FB01117007A978E /* Conversion_calculatorTests.swift in Sources */,
			);
			runOnlyForDeploymentPostprocessing = 0;
		};
		A74877AE1FB01117007A978E /* Sources */ = {
			isa = PBXSourcesBuildPhase;
			buildActionMask = 2147483647;
			files = (
				A74877B71FB01117007A978E /* Conversion_calculatorUITests.swift in Sources */,
			);
			runOnlyForDeploymentPostprocessing = 0;
		};
/* End PBXSourcesBuildPhase section */

/* Begin PBXTargetDependency section */
		A74877A91FB01117007A978E /* PBXTargetDependency */ = {
			isa = PBXTargetDependency;
			target = A74877921FB01117007A978E /* Conversion-calculator */;
			targetProxy = A74877A81FB01117007A978E /* PBXContainerItemProxy */;
		};
		A74877B41FB01117007A978E /* PBXTargetDependency */ = {
			isa = PBXTargetDependency;
			target = A74877921FB01117007A978E /* Conversion-calculator */;
			targetProxy = A74877B31FB01117007A978E /* PBXContainerItemProxy */;
		};
/* End PBXTargetDependency section */

/* Begin PBXVariantGroup section */
		A748779A1FB01117007A978E /* Main.storyboard */ = {
			isa = PBXVariantGroup;
			children = (
				A748779B1FB01117007A978E /* Base */,
			);
			name = Main.storyboard;
			sourceTree = "<group>";
		};
		A748779F1FB01117007A978E /* LaunchScreen.storyboard */ = {
			isa = PBXVariantGroup;
			children = (
				A74877A01FB01117007A978E /* Base */,
			);
			name = LaunchScreen.storyboard;
			sourceTree = "<group>";
		};
/* End PBXVariantGroup section */

/* Begin XCBuildConfiguration section */
		A74877B91FB01117007A978E /* Debug */ = {
			isa = XCBuildConfiguration;
			buildSettings = {
				ALWAYS_SEARCH_USER_PATHS = NO;
				CLANG_ANALYZER_NONNULL = YES;
				CLANG_ANALYZER_NUMBER_OBJECT_CONVERSION = YES_AGGRESSIVE;
				CLANG_CXX_LANGUAGE_STANDARD = "gnu++14";
				CLANG_CXX_LIBRARY = "libc++";
				CLANG_ENABLE_MODULES = YES;
				CLANG_ENABLE_OBJC_ARC = YES;
				CLANG_WARN_BLOCK_CAPTURE_AUTORELEASING = YES;
				CLANG_WARN_BOOL_CONVERSION = YES;
				CLANG_WARN_COMMA = YES;
				CLANG_WARN_CONSTANT_CONVERSION = YES;
				CLANG_WARN_DIRECT_OBJC_ISA_USAGE = YES_ERROR;
				CLANG_WARN_DOCUMENTATION_COMMENTS = YES;
				CLANG_WARN_EMPTY_BODY = YES;
				CLANG_WARN_ENUM_CONVERSION = YES;
				CLANG_WARN_INFINITE_RECURSION = YES;
				CLANG_WARN_INT_CONVERSION = YES;
				CLANG_WARN_NON_LITERAL_NULL_CONVERSION = YES;
				CLANG_WARN_OBJC_LITERAL_CONVERSION = YES;
				CLANG_WARN_OBJC_ROOT_CLASS = YES_ERROR;
				CLANG_WARN_RANGE_LOOP_ANALYSIS = YES;
				CLANG_WARN_STRICT_PROTOTYPES = YES;
				CLANG_WARN_SUSPICIOUS_MOVE = YES;
				CLANG_WARN_UNGUARDED_AVAILABILITY = YES_AGGRESSIVE;
				CLANG_WARN_UNREACHABLE_CODE = YES;
				CLANG_WARN__DUPLICATE_METHOD_MATCH = YES;
				CODE_SIGN_IDENTITY = "iPhone Developer";
				COPY_PHASE_STRIP = NO;
				DEBUG_INFORMATION_FORMAT = dwarf;
				ENABLE_STRICT_OBJC_MSGSEND = YES;
				ENABLE_TESTABILITY = YES;
				GCC_C_LANGUAGE_STANDARD = gnu11;
				GCC_DYNAMIC_NO_PIC = NO;
				GCC_NO_COMMON_BLOCKS = YES;
				GCC_OPTIMIZATION_LEVEL = 0;
				GCC_PREPROCESSOR_DEFINITIONS = (
					"DEBUG=1",
					"$(inherited)",
				);
				GCC_WARN_64_TO_32_BIT_CONVERSION = YES;
				GCC_WARN_ABOUT_RETURN_TYPE = YES_ERROR;
				GCC_WARN_UNDECLARED_SELECTOR = YES;
				GCC_WARN_UNINITIALIZED_AUTOS = YES_AGGRESSIVE;
				GCC_WARN_UNUSED_FUNCTION = YES;
				GCC_WARN_UNUSED_VARIABLE = YES;
				IPHONEOS_DEPLOYMENT_TARGET = 11.0;
				MTL_ENABLE_DEBUG_INFO = YES;
				ONLY_ACTIVE_ARCH = YES;
				SDKROOT = iphoneos;
				SWIFT_ACTIVE_COMPILATION_CONDITIONS = DEBUG;
				SWIFT_OPTIMIZATION_LEVEL = "-Onone";
			};
			name = Debug;
		};
		A74877BA1FB01117007A978E /* Release */ = {
			isa = XCBuildConfiguration;
			buildSettings = {
				ALWAYS_SEARCH_USER_PATHS = NO;
				CLANG_ANALYZER_NONNULL = YES;
				CLANG_ANALYZER_NUMBER_OBJECT_CONVERSION = YES_AGGRESSIVE;
				CLANG_CXX_LANGUAGE_STANDARD = "gnu++14";
				CLANG_CXX_LIBRARY = "libc++";
				CLANG_ENABLE_MODULES = YES;
				CLANG_ENABLE_OBJC_ARC = YES;
				CLANG_WARN_BLOCK_CAPTURE_AUTORELEASING = YES;
				CLANG_WARN_BOOL_CONVERSION = YES;
				CLANG_WARN_COMMA = YES;
				CLANG_WARN_CONSTANT_CONVERSION = YES;
				CLANG_WARN_DIRECT_OBJC_ISA_USAGE = YES_ERROR;
				CLANG_WARN_DOCUMENTATION_COMMENTS = YES;
				CLANG_WARN_EMPTY_BODY = YES;
				CLANG_WARN_ENUM_CONVERSION = YES;
				CLANG_WARN_INFINITE_RECURSION = YES;
				CLANG_WARN_INT_CONVERSION = YES;
				CLANG_WARN_NON_LITERAL_NULL_CONVERSION = YES;
				CLANG_WARN_OBJC_LITERAL_CONVERSION = YES;
				CLANG_WARN_OBJC_ROOT_CLASS = YES_ERROR;
				CLANG_WARN_RANGE_LOOP_ANALYSIS = YES;
				CLANG_WARN_STRICT_PROTOTYPES = YES;
				CLANG_WARN_SUSPICIOUS_MOVE = YES;
				CLANG_WARN_UNGUARDED_AVAILABILITY = YES_AGGRESSIVE;
				CLANG_WARN_UNREACHABLE_CODE = YES;
				CLANG_WARN__DUPLICATE_METHOD_MATCH = YES;
				CODE_SIGN_IDENTITY = "iPhone Developer";
				COPY_PHASE_STRIP = NO;
				DEBUG_INFORMATION_FORMAT = "dwarf-with-dsym";
				ENABLE_NS_ASSERTIONS = NO;
				ENABLE_STRICT_OBJC_MSGSEND = YES;
				GCC_C_LANGUAGE_STANDARD = gnu11;
				GCC_NO_COMMON_BLOCKS = YES;
				GCC_WARN_64_TO_32_BIT_CONVERSION = YES;
				GCC_WARN_ABOUT_RETURN_TYPE = YES_ERROR;
				GCC_WARN_UNDECLARED_SELECTOR = YES;
				GCC_WARN_UNINITIALIZED_AUTOS = YES_AGGRESSIVE;
				GCC_WARN_UNUSED_FUNCTION = YES;
				GCC_WARN_UNUSED_VARIABLE = YES;
				IPHONEOS_DEPLOYMENT_TARGET = 11.0;
				MTL_ENABLE_DEBUG_INFO = NO;
				SDKROOT = iphoneos;
				SWIFT_OPTIMIZATION_LEVEL = "-Owholemodule";
				VALIDATE_PRODUCT = YES;
			};
			name = Release;
		};
		A74877BC1FB01117007A978E /* Debug */ = {
			isa = XCBuildConfiguration;
			buildSettings = {
				ASSETCATALOG_COMPILER_APPICON_NAME = AppIcon;
				CODE_SIGN_STYLE = Automatic;
				DEVELOPMENT_TEAM = QS38Q4U59X;
				INFOPLIST_FILE = "Conversion-calculator/Info.plist";
				LD_RUNPATH_SEARCH_PATHS = "$(inherited) @executable_path/Frameworks";
				PRODUCT_BUNDLE_IDENTIFIER = "tech-innovator.Conversion-calculator";
				PRODUCT_NAME = "$(TARGET_NAME)";
				SWIFT_VERSION = 4.0;
				TARGETED_DEVICE_FAMILY = "1,2";
			};
			name = Debug;
		};
		A74877BD1FB01117007A978E /* Release */ = {
			isa = XCBuildConfiguration;
			buildSettings = {
				ASSETCATALOG_COMPILER_APPICON_NAME = AppIcon;
				CODE_SIGN_STYLE = Automatic;
				DEVELOPMENT_TEAM = QS38Q4U59X;
				INFOPLIST_FILE = "Conversion-calculator/Info.plist";
				LD_RUNPATH_SEARCH_PATHS = "$(inherited) @executable_path/Frameworks";
				PRODUCT_BUNDLE_IDENTIFIER = "tech-innovator.Conversion-calculator";
				PRODUCT_NAME = "$(TARGET_NAME)";
				SWIFT_VERSION = 4.0;
				TARGETED_DEVICE_FAMILY = "1,2";
			};
			name = Release;
		};
		A74877BF1FB01117007A978E /* Debug */ = {
			isa = XCBuildConfiguration;
			buildSettings = {
				ALWAYS_EMBED_SWIFT_STANDARD_LIBRARIES = YES;
				BUNDLE_LOADER = "$(TEST_HOST)";
				CODE_SIGN_STYLE = Automatic;
				DEVELOPMENT_TEAM = QS38Q4U59X;
				INFOPLIST_FILE = "Conversion-calculatorTests/Info.plist";
				LD_RUNPATH_SEARCH_PATHS = "$(inherited) @executable_path/Frameworks @loader_path/Frameworks";
				PRODUCT_BUNDLE_IDENTIFIER = "tech-innovator.Conversion-calculatorTests";
				PRODUCT_NAME = "$(TARGET_NAME)";
				SWIFT_VERSION = 4.0;
				TARGETED_DEVICE_FAMILY = "1,2";
				TEST_HOST = "$(BUILT_PRODUCTS_DIR)/Conversion-calculator.app/Conversion-calculator";
			};
			name = Debug;
		};
		A74877C01FB01117007A978E /* Release */ = {
			isa = XCBuildConfiguration;
			buildSettings = {
				ALWAYS_EMBED_SWIFT_STANDARD_LIBRARIES = YES;
				BUNDLE_LOADER = "$(TEST_HOST)";
				CODE_SIGN_STYLE = Automatic;
				DEVELOPMENT_TEAM = QS38Q4U59X;
				INFOPLIST_FILE = "Conversion-calculatorTests/Info.plist";
				LD_RUNPATH_SEARCH_PATHS = "$(inherited) @executable_path/Frameworks @loader_path/Frameworks";
				PRODUCT_BUNDLE_IDENTIFIER = "tech-innovator.Conversion-calculatorTests";
				PRODUCT_NAME = "$(TARGET_NAME)";
				SWIFT_VERSION = 4.0;
				TARGETED_DEVICE_FAMILY = "1,2";
				TEST_HOST = "$(BUILT_PRODUCTS_DIR)/Conversion-calculator.app/Conversion-calculator";
			};
			name = Release;
		};
		A74877C21FB01117007A978E /* Debug */ = {
			isa = XCBuildConfiguration;
			buildSettings = {
				ALWAYS_EMBED_SWIFT_STANDARD_LIBRARIES = YES;
				CODE_SIGN_STYLE = Automatic;
				DEVELOPMENT_TEAM = QS38Q4U59X;
				INFOPLIST_FILE = "Conversion-calculatorUITests/Info.plist";
				LD_RUNPATH_SEARCH_PATHS = "$(inherited) @executable_path/Frameworks @loader_path/Frameworks";
				PRODUCT_BUNDLE_IDENTIFIER = "tech-innovator.Conversion-calculatorUITests";
				PRODUCT_NAME = "$(TARGET_NAME)";
				SWIFT_VERSION = 4.0;
				TARGETED_DEVICE_FAMILY = "1,2";
				TEST_TARGET_NAME = "Conversion-calculator";
			};
			name = Debug;
		};
		A74877C31FB01117007A978E /* Release */ = {
			isa = XCBuildConfiguration;
			buildSettings = {
				ALWAYS_EMBED_SWIFT_STANDARD_LIBRARIES = YES;
				CODE_SIGN_STYLE = Automatic;
				DEVELOPMENT_TEAM = QS38Q4U59X;
				INFOPLIST_FILE = "Conversion-calculatorUITests/Info.plist";
				LD_RUNPATH_SEARCH_PATHS = "$(inherited) @executable_path/Frameworks @loader_path/Frameworks";
				PRODUCT_BUNDLE_IDENTIFIER = "tech-innovator.Conversion-calculatorUITests";
				PRODUCT_NAME = "$(TARGET_NAME)";
				SWIFT_VERSION = 4.0;
				TARGETED_DEVICE_FAMILY = "1,2";
				TEST_TARGET_NAME = "Conversion-calculator";
			};
			name = Release;
		};
/* End XCBuildConfiguration section */

/* Begin XCConfigurationList section */
		A748778E1FB01117007A978E /* Build configuration list for PBXProject "Conversion-calculator" */ = {
			isa = XCConfigurationList;
			buildConfigurations = (
				A74877B91FB01117007A978E /* Debug */,
				A74877BA1FB01117007A978E /* Release */,
			);
			defaultConfigurationIsVisible = 0;
			defaultConfigurationName = Release;
		};
		A74877BB1FB01117007A978E /* Build configuration list for PBXNativeTarget "Conversion-calculator" */ = {
			isa = XCConfigurationList;
			buildConfigurations = (
				A74877BC1FB01117007A978E /* Debug */,
				A74877BD1FB01117007A978E /* Release */,
			);
			defaultConfigurationIsVisible = 0;
			defaultConfigurationName = Release;
		};
		A74877BE1FB01117007A978E /* Build configuration list for PBXNativeTarget "Conversion-calculatorTests" */ = {
			isa = XCConfigurationList;
			buildConfigurations = (
				A74877BF1FB01117007A978E /* Debug */,
				A74877C01FB01117007A978E /* Release */,
			);
			defaultConfigurationIsVisible = 0;
			defaultConfigurationName = Release;
		};
		A74877C11FB01117007A978E /* Build configuration list for PBXNativeTarget "Conversion-calculatorUITests" */ = {
			isa = XCConfigurationList;
			buildConfigurations = (
				A74877C21FB01117007A978E /* Debug */,
				A74877C31FB01117007A978E /* Release */,
			);
			defaultConfigurationIsVisible = 0;
			defaultConfigurationName = Release;
		};
/* End XCConfigurationList section */
	};
	rootObject = A748778B1FB01117007A978E /* Project object */;
}
